
Microsoft Visual Studio Solution File, Format Version 12.00
# Visual Studio Version 16
VisualStudioVersion = 16.0.28803.452
MinimumVisualStudioVersion = 10.0.40219.1
Project("{FAE04EC0-301F-11D3-BF4B-00C04F79EFBC}") = "BookStore", "BookStore\BookStore.csproj", "{30B0C0A9-6C65-4C15-89EC-68C1FA70B1DA}"
EndProject
Global
	GlobalSection(SolutionConfigurationPlatforms) = preSolution
		Debug|Any CPU = Debug|Any CPU
		Release|Any CPU = Release|Any CPU
	EndGlobalSection
	GlobalSection(ProjectConfigurationPlatforms) = postSolution
		{30B0C0A9-6C65-4C15-89EC-68C1FA70B1DA}.Debug|Any CPU.ActiveCfg = Debug|Any CPU
		{30B0C0A9-6C65-4C15-89EC-68C1FA70B1DA}.Debug|Any CPU.Build.0 = Debug|Any CPU
		{30B0C0A9-6C65-4C15-89EC-68C1FA70B1DA}.Release|Any CPU.ActiveCfg = Release|Any CPU
		{30B0C0A9-6C65-4C15-89EC-68C1FA70B1DA}.Release|Any CPU.Build.0 = Release|Any CPU
	EndGlobalSection
	GlobalSection(SolutionProperties) = preSolution
		HideSolutionNode = FALSE
	EndGlobalSection
	GlobalSection(ExtensibilityGlobals) = postSolution
		SolutionGuid = {E1BC8A2D-ACED-4B8D-A00D-ACEE364F41B7}
	EndGlobalSection
EndGlobal
